
Microsoft Visual Studio Solution File, Format Version 12.00
# Visual Studio Version 16
VisualStudioVersion = 16.0.30621.155
MinimumVisualStudioVersion = 10.0.40219.1
Project("{9A19103F-16F7-4668-BE54-9A1E7A4F7556}") = "ChatRoom", "ChatRoom\ChatRoom.csproj", "{ED4F3C3E-4C7E-4D09-A02F-746030E01B3C}"
EndProject
Project("{9A19103F-16F7-4668-BE54-9A1E7A4F7556}") = "ChatRoom.Domain", "ChatRoom.Domain\ChatRoom.Domain.csproj", "{91CD1E9A-58F6-497E-9864-B0A24BD6514D}"
EndProject
Project("{9A19103F-16F7-4668-BE54-9A1E7A4F7556}") = "ChatRoom.Data", "ChatRoom.Data\ChatRoom.Data.csproj", "{C6C83F75-4C39-43D1-A278-DC9AA16C6895}"
EndProject
Project("{FAE04EC0-301F-11D3-BF4B-00C04F79EFBC}") = "ChatRoom.Test", "ChatRoom.Test\ChatRoom.Test.csproj", "{20CC1DE3-F2A6-4471-86C9-14497E974860}"
EndProject
Global
	GlobalSection(SolutionConfigurationPlatforms) = preSolution
		Debug|Any CPU = Debug|Any CPU
		Release|Any CPU = Release|Any CPU
	EndGlobalSection
	GlobalSection(ProjectConfigurationPlatforms) = postSolution
		{ED4F3C3E-4C7E-4D09-A02F-746030E01B3C}.Debug|Any CPU.ActiveCfg = Debug|Any CPU
		{ED4F3C3E-4C7E-4D09-A02F-746030E01B3C}.Debug|Any CPU.Build.0 = Debug|Any CPU
		{ED4F3C3E-4C7E-4D09-A02F-746030E01B3C}.Release|Any CPU.ActiveCfg = Release|Any CPU
		{ED4F3C3E-4C7E-4D09-A02F-746030E01B3C}.Release|Any CPU.Build.0 = Release|Any CPU
		{91CD1E9A-58F6-497E-9864-B0A24BD6514D}.Debug|Any CPU.ActiveCfg = Debug|Any CPU
		{91CD1E9A-58F6-497E-9864-B0A24BD6514D}.Debug|Any CPU.Build.0 = Debug|Any CPU
		{91CD1E9A-58F6-497E-9864-B0A24BD6514D}.Release|Any CPU.ActiveCfg = Release|Any CPU
		{91CD1E9A-58F6-497E-9864-B0A24BD6514D}.Release|Any CPU.Build.0 = Release|Any CPU
		{C6C83F75-4C39-43D1-A278-DC9AA16C6895}.Debug|Any CPU.ActiveCfg = Debug|Any CPU
		{C6C83F75-4C39-43D1-A278-DC9AA16C6895}.Debug|Any CPU.Build.0 = Debug|Any CPU
		{C6C83F75-4C39-43D1-A278-DC9AA16C6895}.Release|Any CPU.ActiveCfg = Release|Any CPU
		{C6C83F75-4C39-43D1-A278-DC9AA16C6895}.Release|Any CPU.Build.0 = Release|Any CPU
		{20CC1DE3-F2A6-4471-86C9-14497E974860}.Debug|Any CPU.ActiveCfg = Debug|Any CPU
		{20CC1DE3-F2A6-4471-86C9-14497E974860}.Debug|Any CPU.Build.0 = Debug|Any CPU
		{20CC1DE3-F2A6-4471-86C9-14497E974860}.Release|Any CPU.ActiveCfg = Release|Any CPU
		{20CC1DE3-F2A6-4471-86C9-14497E974860}.Release|Any CPU.Build.0 = Release|Any CPU
	EndGlobalSection
	GlobalSection(SolutionProperties) = preSolution
		HideSolutionNode = FALSE
	EndGlobalSection
	GlobalSection(ExtensibilityGlobals) = postSolution
		SolutionGuid = {71F0C456-52CF-4053-BC0C-16BBE8D06EB0}
	EndGlobalSection
EndGlobal
